# THIS IS AN AUTOGENERATED FILE. DO NOT EDIT THIS FILE DIRECTLY.
# yarn lockfile v1


swiper@^11.1.8:
  version "11.1.8"
  resolved "https://registry.yarnpkg.com/swiper/-/swiper-11.1.8.tgz#16a9ce0441a45cc8d754280361a100e530364583"
  integrity sha512-sBFp7fA+IfZ/7BMcg8/JSEqDD1qZXBUyliT76yk3zIYVu2fMwFVAghhAJ9vBM5tJUtHW5qcD0pmeEGQs1EK14w==
